
Microsoft Visual Studio Solution File, Format Version 12.00
# Visual Studio Version 17
VisualStudioVersion = 17.14.35806.103 d17.14
MinimumVisualStudioVersion = 10.0.40219.1
Project("{FAE04EC0-301F-11D3-BF4B-00C04F79EFBC}") = "Checador_Forms", "Checador_Forms.csproj", "{AB8FF51F-F391-41F8-9479-6B551F9B9D51}"
EndProject
Global
	GlobalSection(SolutionConfigurationPlatforms) = preSolution
		Debug|Any CPU = Debug|Any CPU
		Release|Any CPU = Release|Any CPU
	EndGlobalSection
	GlobalSection(ProjectConfigurationPlatforms) = postSolution
		{AB8FF51F-F391-41F8-9479-6B551F9B9D51}.Debug|Any CPU.ActiveCfg = Debug|Any CPU
		{AB8FF51F-F391-41F8-9479-6B551F9B9D51}.Debug|Any CPU.Build.0 = Debug|Any CPU
		{AB8FF51F-F391-41F8-9479-6B551F9B9D51}.Release|Any CPU.ActiveCfg = Release|Any CPU
		{AB8FF51F-F391-41F8-9479-6B551F9B9D51}.Release|Any CPU.Build.0 = Release|Any CPU
	EndGlobalSection
	GlobalSection(SolutionProperties) = preSolution
		HideSolutionNode = FALSE
	EndGlobalSection
	GlobalSection(ExtensibilityGlobals) = postSolution
		SolutionGuid = {B2784D94-0D38-483D-A89D-93D2EE379DF2}
	EndGlobalSection
EndGlobal
